# This file is automatically @generated by Cargo.
# It is not intended for manual editing.
version = 3

[[package]]
name = "omni"
version = "0.1.0"

[[package]]
name = "omnia-abi"
version = "0.1.0"

[[package]]
name = "omnia-autonomy"
version = "0.1.0"

[[package]]
name = "omnia-core"
version = "0.1.0"

[[package]]
name = "omnia-forge"
version = "0.1.0"

[[package]]
name = "omnia-http"
version = "0.1.0"

[[package]]
name = "omnia-kernel"
version = "0.1.0"

[[package]]
name = "omnia-model"
version = "0.1.0"

[[package]]
name = "omnia-modeld"
version = "0.1.0"

[[package]]
name = "omnia-parts"
version = "0.1.0"

[[package]]
name = "omnia-registry"
version = "0.1.0"

[[package]]
name = "omnia-sandbox"
version = "0.1.0"

[[package]]
name = "omniad"
version = "0.1.0"
